
Microsoft Visual Studio Solution File, Format Version 12.00
# Visual Studio Version 16
VisualStudioVersion = 16.0.31702.278
MinimumVisualStudioVersion = 10.0.40219.1
Project("{9A19103F-16F7-4668-BE54-9A1E7A4F7556}") = "Companhia01", "TesteServidor01\Companhia01.csproj", "{F7B9F990-CFB1-4073-95D6-5B5C366B28F6}"
EndProject
Global
	GlobalSection(SolutionConfigurationPlatforms) = preSolution
		Debug|Any CPU = Debug|Any CPU
		Release|Any CPU = Release|Any CPU
	EndGlobalSection
	GlobalSection(ProjectConfigurationPlatforms) = postSolution
		{F7B9F990-CFB1-4073-95D6-5B5C366B28F6}.Debug|Any CPU.ActiveCfg = Debug|Any CPU
		{F7B9F990-CFB1-4073-95D6-5B5C366B28F6}.Debug|Any CPU.Build.0 = Debug|Any CPU
		{F7B9F990-CFB1-4073-95D6-5B5C366B28F6}.Release|Any CPU.ActiveCfg = Release|Any CPU
		{F7B9F990-CFB1-4073-95D6-5B5C366B28F6}.Release|Any CPU.Build.0 = Release|Any CPU
	EndGlobalSection
	GlobalSection(SolutionProperties) = preSolution
		HideSolutionNode = FALSE
	EndGlobalSection
	GlobalSection(ExtensibilityGlobals) = postSolution
		SolutionGuid = {B3206742-111C-4FBA-B917-A5FDEFDCAE98}
	EndGlobalSection
EndGlobal
